
Microsoft Visual Studio Solution File, Format Version 12.00
# Visual Studio Version 16
VisualStudioVersion = 16.0.30320.27
MinimumVisualStudioVersion = 10.0.40219.1
Project("{FAE04EC0-301F-11D3-BF4B-00C04F79EFBC}") = "ASP.NET_Teacher_Demo_ConsoleUI", "ASP.NET_Teacher_Demo_ConsoleUI\ASP.NET_Teacher_Demo_ConsoleUI.csproj", "{4FD4219E-8409-4F0E-A62A-F72D0AD67BA6}"
EndProject
Global
	GlobalSection(SolutionConfigurationPlatforms) = preSolution
		Debug|Any CPU = Debug|Any CPU
		Release|Any CPU = Release|Any CPU
	EndGlobalSection
	GlobalSection(ProjectConfigurationPlatforms) = postSolution
		{4FD4219E-8409-4F0E-A62A-F72D0AD67BA6}.Debug|Any CPU.ActiveCfg = Debug|Any CPU
		{4FD4219E-8409-4F0E-A62A-F72D0AD67BA6}.Debug|Any CPU.Build.0 = Debug|Any CPU
		{4FD4219E-8409-4F0E-A62A-F72D0AD67BA6}.Release|Any CPU.ActiveCfg = Release|Any CPU
		{4FD4219E-8409-4F0E-A62A-F72D0AD67BA6}.Release|Any CPU.Build.0 = Release|Any CPU
	EndGlobalSection
	GlobalSection(SolutionProperties) = preSolution
		HideSolutionNode = FALSE
	EndGlobalSection
	GlobalSection(ExtensibilityGlobals) = postSolution
		SolutionGuid = {3D1ABA74-363B-4550-88BB-8773CBF1E471}
	EndGlobalSection
EndGlobal
